
Microsoft Visual Studio Solution File, Format Version 12.00
# Visual Studio Version 16
VisualStudioVersion = 16.0.30611.23
MinimumVisualStudioVersion = 10.0.40219.1
Project("{FAE04EC0-301F-11D3-BF4B-00C04F79EFBC}") = "UserManager", "UserManager\UserManager.csproj", "{A4DE0C11-8384-4D25-BB79-8E6BD4BFC971}"
EndProject
Project("{FAE04EC0-301F-11D3-BF4B-00C04F79EFBC}") = "UserManager.BusinessLogic", "UserManager.BusinessLogic\UserManager.BusinessLogic.csproj", "{CE9A2929-ED77-489B-B161-6C10FD8A5D3A}"
EndProject
Project("{2150E333-8FDC-42A3-9474-1A3956D46DE8}") = "Solution Items", "Solution Items", "{77B84A77-EB46-4E41-BDCF-8AC42D3348C1}"
	ProjectSection(SolutionItems) = preProject
		README.md = README.md
	EndProjectSection
EndProject
Project("{FAE04EC0-301F-11D3-BF4B-00C04F79EFBC}") = "MvvmTools", "MvvmTools\MvvmTools.csproj", "{695D683B-D18E-41D6-A533-2706FFFAB5E3}"
EndProject
Project("{FAE04EC0-301F-11D3-BF4B-00C04F79EFBC}") = "UserManager.DataAccess.Migrations", "UserManager.DataAccess.Migrations\UserManager.DataAccess.Migrations.csproj", "{2CB3FA12-FA7C-4A07-8475-8F7CCEC282D2}"
EndProject
Project("{FAE04EC0-301F-11D3-BF4B-00C04F79EFBC}") = "UserManager.Resources", "UserManager.Resources\UserManager.Resources.csproj", "{F9F4CD8D-C5A7-436B-ADFF-7DE3B4ACD363}"
EndProject
Project("{FAE04EC0-301F-11D3-BF4B-00C04F79EFBC}") = "UserManager.IntegrationTests", "UserManager.IntegrationTests\UserManager.IntegrationTests.csproj", "{54DB615C-B529-4858-A122-619AAB7F3473}"
EndProject
Project("{FAE04EC0-301F-11D3-BF4B-00C04F79EFBC}") = "UserManager.Common", "UserManager.Common\UserManager.Common.csproj", "{60420A36-6C7E-475C-9018-BDDD205798E3}"
EndProject
Global
	GlobalSection(SolutionConfigurationPlatforms) = preSolution
		Debug|Any CPU = Debug|Any CPU
		Release|Any CPU = Release|Any CPU
	EndGlobalSection
	GlobalSection(ProjectConfigurationPlatforms) = postSolution
		{A4DE0C11-8384-4D25-BB79-8E6BD4BFC971}.Debug|Any CPU.ActiveCfg = Debug|Any CPU
		{A4DE0C11-8384-4D25-BB79-8E6BD4BFC971}.Debug|Any CPU.Build.0 = Debug|Any CPU
		{A4DE0C11-8384-4D25-BB79-8E6BD4BFC971}.Release|Any CPU.ActiveCfg = Release|Any CPU
		{A4DE0C11-8384-4D25-BB79-8E6BD4BFC971}.Release|Any CPU.Build.0 = Release|Any CPU
		{CE9A2929-ED77-489B-B161-6C10FD8A5D3A}.Debug|Any CPU.ActiveCfg = Debug|Any CPU
		{CE9A2929-ED77-489B-B161-6C10FD8A5D3A}.Debug|Any CPU.Build.0 = Debug|Any CPU
		{CE9A2929-ED77-489B-B161-6C10FD8A5D3A}.Release|Any CPU.ActiveCfg = Release|Any CPU
		{CE9A2929-ED77-489B-B161-6C10FD8A5D3A}.Release|Any CPU.Build.0 = Release|Any CPU
		{695D683B-D18E-41D6-A533-2706FFFAB5E3}.Debug|Any CPU.ActiveCfg = Debug|Any CPU
		{695D683B-D18E-41D6-A533-2706FFFAB5E3}.Debug|Any CPU.Build.0 = Debug|Any CPU
		{695D683B-D18E-41D6-A533-2706FFFAB5E3}.Release|Any CPU.ActiveCfg = Release|Any CPU
		{695D683B-D18E-41D6-A533-2706FFFAB5E3}.Release|Any CPU.Build.0 = Release|Any CPU
		{2CB3FA12-FA7C-4A07-8475-8F7CCEC282D2}.Debug|Any CPU.ActiveCfg = Debug|Any CPU
		{2CB3FA12-FA7C-4A07-8475-8F7CCEC282D2}.Debug|Any CPU.Build.0 = Debug|Any CPU
		{2CB3FA12-FA7C-4A07-8475-8F7CCEC282D2}.Release|Any CPU.ActiveCfg = Release|Any CPU
		{2CB3FA12-FA7C-4A07-8475-8F7CCEC282D2}.Release|Any CPU.Build.0 = Release|Any CPU
		{F9F4CD8D-C5A7-436B-ADFF-7DE3B4ACD363}.Debug|Any CPU.ActiveCfg = Debug|Any CPU
		{F9F4CD8D-C5A7-436B-ADFF-7DE3B4ACD363}.Debug|Any CPU.Build.0 = Debug|Any CPU
		{F9F4CD8D-C5A7-436B-ADFF-7DE3B4ACD363}.Release|Any CPU.ActiveCfg = Release|Any CPU
		{F9F4CD8D-C5A7-436B-ADFF-7DE3B4ACD363}.Release|Any CPU.Build.0 = Release|Any CPU
		{54DB615C-B529-4858-A122-619AAB7F3473}.Debug|Any CPU.ActiveCfg = Debug|Any CPU
		{54DB615C-B529-4858-A122-619AAB7F3473}.Debug|Any CPU.Build.0 = Debug|Any CPU
		{54DB615C-B529-4858-A122-619AAB7F3473}.Release|Any CPU.ActiveCfg = Release|Any CPU
		{54DB615C-B529-4858-A122-619AAB7F3473}.Release|Any CPU.Build.0 = Release|Any CPU
		{60420A36-6C7E-475C-9018-BDDD205798E3}.Debug|Any CPU.ActiveCfg = Debug|Any CPU
		{60420A36-6C7E-475C-9018-BDDD205798E3}.Debug|Any CPU.Build.0 = Debug|Any CPU
		{60420A36-6C7E-475C-9018-BDDD205798E3}.Release|Any CPU.ActiveCfg = Release|Any CPU
		{60420A36-6C7E-475C-9018-BDDD205798E3}.Release|Any CPU.Build.0 = Release|Any CPU
	EndGlobalSection
	GlobalSection(SolutionProperties) = preSolution
		HideSolutionNode = FALSE
	EndGlobalSection
	GlobalSection(ExtensibilityGlobals) = postSolution
		SolutionGuid = {AAA3C106-2178-4A9A-96B4-2380B314F057}
	EndGlobalSection
EndGlobal
